<Solution>
  <Project Path="HuynhHuuToan_ SE1856_A01_BE/HuynhHuuToan_ SE1856_A01_BE.csproj" />
  <Project Path="HuynhHuuToan_ SE1856_A01_Repository/HuynhHuuToan_ SE1856_A01_Repository.csproj" />
  <Project Path="HuynhHuuToan_ SE1856_A01_Service/HuynhHuuToan_ SE1856_A01_Service.csproj" />
</Solution>
